
Microsoft Visual Studio Solution File, Format Version 11.00
# Visual Studio 2010
Project("{FAE04EC0-301F-11D3-BF4B-00C04F79EFBC}") = "HashLinkCopy", "HashLinkCopy.csproj", "{413E129B-AAC7-4591-A873-5CAB7E453061}"
EndProject
Project("{2150E333-8FDC-42A3-9474-1A3956D46DE8}") = "Solution Items", "Solution Items", "{30D18410-0557-4EC0-ACCA-AA1893190C5B}"
	ProjectSection(SolutionItems) = preProject
		LinkProjekte.psess = LinkProjekte.psess
	EndProjectSection
EndProject
Global
	GlobalSection(SolutionConfigurationPlatforms) = preSolution
		Debug|x86 = Debug|x86
		Release|x86 = Release|x86
	EndGlobalSection
	GlobalSection(ProjectConfigurationPlatforms) = postSolution
		{413E129B-AAC7-4591-A873-5CAB7E453061}.Debug|x86.ActiveCfg = Debug|x86
		{413E129B-AAC7-4591-A873-5CAB7E453061}.Debug|x86.Build.0 = Debug|x86
		{413E129B-AAC7-4591-A873-5CAB7E453061}.Release|x86.ActiveCfg = Release|x86
		{413E129B-AAC7-4591-A873-5CAB7E453061}.Release|x86.Build.0 = Release|x86
	EndGlobalSection
	GlobalSection(SolutionProperties) = preSolution
		HideSolutionNode = FALSE
	EndGlobalSection
EndGlobal
